// !$*UTF8*$!
{
	archiveVersion = 1;
	classes = {
	};
	objectVersion = 50;
	objects = {

/* Begin PBXBuildFile section */
		EACAE4D422C8A77C00022625 /* AppDelegate.m in Sources */ = {isa = PBXBuildFile; fileRef = EACAE4D322C8A77C00022625 /* AppDelegate.m */; };
		EACAE4D722C8A77C00022625 /* ViewController.m in Sources */ = {isa = PBXBuildFile; fileRef = EACAE4D622C8A77C00022625 /* ViewController.m */; };
		EACAE4DA22C8A77C00022625 /* Main.storyboard in Resources */ = {isa = PBXBuildFile; fileRef = EACAE4D822C8A77C00022625 /* Main.storyboard */; };
		EACAE4DC22C8A77F00022625 /* Assets.xcassets in Resources */ = {isa = PBXBuildFile; fileRef = EACAE4DB22C8A77F00022625 /* Assets.xcassets */; };
		EACAE4DF22C8A77F00022625 /* LaunchScreen.storyboard in Resources */ = {isa = PBXBuildFile; fileRef = EACAE4DD22C8A77F00022625 /* LaunchScreen.storyboard */; };
		EACAE4E222C8A77F00022625 /* main.m in Sources */ = {isa = PBXBuildFile; fileRef = EACAE4E122C8A77F00022625 /* main.m */; };
		EACAE4EC22C8A77F00022625 /* OpenGLES_VortexMosaicTests.m in Sources */ = {isa = PBXBuildFile; fileRef = EACAE4EB22C8A77F00022625 /* OpenGLES_VortexMosaicTests.m */; };
		EACAE4F722C8A77F00022625 /* OpenGLES_VortexMosaicUITests.m in Sources */ = {isa = PBXBuildFile; fileRef = EACAE4F622C8A77F00022625 /* OpenGLES_VortexMosaicUITests.m */; };
		EACAE50922C8A7A600022625 /* FilterBarCell.m in Sources */ = {isa = PBXBuildFile; fileRef = EACAE50522C8A7A600022625 /* FilterBarCell.m */; };
		EACAE50A22C8A7A600022625 /* FilterBar.m in Sources */ = {isa = PBXBuildFile; fileRef = EACAE50622C8A7A600022625 /* FilterBar.m */; };
		EACAE51822C8A7DD00022625 /* HexagonMosaic.fsh in Resources */ = {isa = PBXBuildFile; fileRef = EACAE50D22C8A7DC00022625 /* HexagonMosaic.fsh */; };
		EACAE51922C8A7DD00022625 /* HexagonMosaic.vsh in Resources */ = {isa = PBXBuildFile; fileRef = EACAE50E22C8A7DC00022625 /* HexagonMosaic.vsh */; };
		EACAE51A22C8A7DD00022625 /* Mosaic.vsh in Resources */ = {isa = PBXBuildFile; fileRef = EACAE51022C8A7DD00022625 /* Mosaic.vsh */; };
		EACAE51B22C8A7DD00022625 /* Mosaic.fsh in Resources */ = {isa = PBXBuildFile; fileRef = EACAE51122C8A7DD00022625 /* Mosaic.fsh */; };
		EACAE51C22C8A7DD00022625 /* Vortex.vsh in Resources */ = {isa = PBXBuildFile; fileRef = EACAE51322C8A7DD00022625 /* Vortex.vsh */; };
		EACAE51D22C8A7DD00022625 /* Vortex.fsh in Resources */ = {isa = PBXBuildFile; fileRef = EACAE51422C8A7DD00022625 /* Vortex.fsh */; };
		EACAE51E22C8A7DD00022625 /* Gray.vsh in Resources */ = {isa = PBXBuildFile; fileRef = EACAE51622C8A7DD00022625 /* Gray.vsh */; };
		EACAE51F22C8A7DD00022625 /* Gray.fsh in Resources */ = {isa = PBXBuildFile; fileRef = EACAE51722C8A7DD00022625 /* Gray.fsh */; };
		EACAE52122C8A97700022625 /* gaoyuanyuan.jpg in Resources */ = {isa = PBXBuildFile; fileRef = EACAE52022C8A97700022625 /* gaoyuanyuan.jpg */; };
		EACAE52522C8AA1100022625 /* Normal.fsh in Resources */ = {isa = PBXBuildFile; fileRef = EACAE52322C8AA1100022625 /* Normal.fsh */; };
		EACAE52622C8AA1100022625 /* Normal.vsh in Resources */ = {isa = PBXBuildFile; fileRef = EACAE52422C8AA1100022625 /* Normal.vsh */; };
/* End PBXBuildFile section */

/* Begin PBXContainerItemProxy section */
		EACAE4E822C8A77F00022625 /* PBXContainerItemProxy */ = {
			isa = PBXContainerItemProxy;
			containerPortal = EACAE4C722C8A77C00022625 /* Project object */;
			proxyType = 1;
			remoteGlobalIDString = EACAE4CE22C8A77C00022625;
			remoteInfo = OpenGLES_VortexMosaic;
		};
		EACAE4F322C8A77F00022625 /* PBXContainerItemProxy */ = {
			isa = PBXContainerItemProxy;
			containerPortal = EACAE4C722C8A77C00022625 /* Project object */;
			proxyType = 1;
			remoteGlobalIDString = EACAE4CE22C8A77C00022625;
			remoteInfo = OpenGLES_VortexMosaic;
		};
/* End PBXContainerItemProxy section */

/* Begin PBXFileReference section */
		EACAE4CF22C8A77C00022625 /* OpenGLES_VortexMosaic.app */ = {isa = PBXFileReference; explicitFileType = wrapper.application; includeInIndex = 0; path = OpenGLES_VortexMosaic.app; sourceTree = BUILT_PRODUCTS_DIR; };
		EACAE4D222C8A77C00022625 /* AppDelegate.h */ = {isa = PBXFileReference; lastKnownFileType = sourcecode.c.h; path = AppDelegate.h; sourceTree = "<group>"; };
		EACAE4D322C8A77C00022625 /* AppDelegate.m */ = {isa = PBXFileReference; lastKnownFileType = sourcecode.c.objc; path = AppDelegate.m; sourceTree = "<group>"; };
		EACAE4D522C8A77C00022625 /* ViewController.h */ = {isa = PBXFileReference; lastKnownFileType = sourcecode.c.h; path = ViewController.h; sourceTree = "<group>"; };
		EACAE4D622C8A77C00022625 /* ViewController.m */ = {isa = PBXFileReference; lastKnownFileType = sourcecode.c.objc; path = ViewController.m; sourceTree = "<group>"; };
		EACAE4D922C8A77C00022625 /* Base */ = {isa = PBXFileReference; lastKnownFileType = file.storyboard; name = Base; path = Base.lproj/Main.storyboard; sourceTree = "<group>"; };
		EACAE4DB22C8A77F00022625 /* Assets.xcassets */ = {isa = PBXFileReference; lastKnownFileType = folder.assetcatalog; path = Assets.xcassets; sourceTree = "<group>"; };
		EACAE4DE22C8A77F00022625 /* Base */ = {isa = PBXFileReference; lastKnownFileType = file.storyboard; name = Base; path = Base.lproj/LaunchScreen.storyboard; sourceTree = "<group>"; };
		EACAE4E022C8A77F00022625 /* Info.plist */ = {isa = PBXFileReference; lastKnownFileType = text.plist.xml; path = Info.plist; sourceTree = "<group>"; };
		EACAE4E122C8A77F00022625 /* main.m */ = {isa = PBXFileReference; lastKnownFileType = sourcecode.c.objc; path = main.m; sourceTree = "<group>"; };
		EACAE4E722C8A77F00022625 /* OpenGLES_VortexMosaicTests.xctest */ = {isa = PBXFileReference; explicitFileType = wrapper.cfbundle; includeInIndex = 0; path = OpenGLES_VortexMosaicTests.xctest; sourceTree = BUILT_PRODUCTS_DIR; };
		EACAE4EB22C8A77F00022625 /* OpenGLES_VortexMosaicTests.m */ = {isa = PBXFileReference; lastKnownFileType = sourcecode.c.objc; path = OpenGLES_VortexMosaicTests.m; sourceTree = "<group>"; };
		EACAE4ED22C8A77F00022625 /* Info.plist */ = {isa = PBXFileReference; lastKnownFileType = text.plist.xml; path = Info.plist; sourceTree = "<group>"; };
		EACAE4F222C8A77F00022625 /* OpenGLES_VortexMosaicUITests.xctest */ = {isa = PBXFileReference; explicitFileType = wrapper.cfbundle; includeInIndex = 0; path = OpenGLES_VortexMosaicUITests.xctest; sourceTree = BUILT_PRODUCTS_DIR; };
		EACAE4F622C8A77F00022625 /* OpenGLES_VortexMosaicUITests.m */ = {isa = PBXFileReference; lastKnownFileType = sourcecode.c.objc; path = OpenGLES_VortexMosaicUITests.m; sourceTree = "<group>"; };
		EACAE4F822C8A77F00022625 /* Info.plist */ = {isa = PBXFileReference; lastKnownFileType = text.plist.xml; path = Info.plist; sourceTree = "<group>"; };
		EACAE50522C8A7A600022625 /* FilterBarCell.m */ = {isa = PBXFileReference; fileEncoding = 4; lastKnownFileType = sourcecode.c.objc; path = FilterBarCell.m; sourceTree = "<group>"; };
		EACAE50622C8A7A600022625 /* FilterBar.m */ = {isa = PBXFileReference; fileEncoding = 4; lastKnownFileType = sourcecode.c.objc; path = FilterBar.m; sourceTree = "<group>"; };
		EACAE50722C8A7A600022625 /* FilterBarCell.h */ = {isa = PBXFileReference; fileEncoding = 4; lastKnownFileType = sourcecode.c.h; path = FilterBarCell.h; sourceTree = "<group>"; };
		EACAE50822C8A7A600022625 /* FilterBar.h */ = {isa = PBXFileReference; fileEncoding = 4; lastKnownFileType = sourcecode.c.h; path = FilterBar.h; sourceTree = "<group>"; };
		EACAE50D22C8A7DC00022625 /* HexagonMosaic.fsh */ = {isa = PBXFileReference; fileEncoding = 4; lastKnownFileType = sourcecode.glsl; path = HexagonMosaic.fsh; sourceTree = "<group>"; };
		EACAE50E22C8A7DC00022625 /* HexagonMosaic.vsh */ = {isa = PBXFileReference; fileEncoding = 4; lastKnownFileType = sourcecode.glsl; path = HexagonMosaic.vsh; sourceTree = "<group>"; };
		EACAE51022C8A7DD00022625 /* Mosaic.vsh */ = {isa = PBXFileReference; fileEncoding = 4; lastKnownFileType = sourcecode.glsl; path = Mosaic.vsh; sourceTree = "<group>"; };
		EACAE51122C8A7DD00022625 /* Mosaic.fsh */ = {isa = PBXFileReference; fileEncoding = 4; lastKnownFileType = sourcecode.glsl; path = Mosaic.fsh; sourceTree = "<group>"; };
		EACAE51322C8A7DD00022625 /* Vortex.vsh */ = {isa = PBXFileReference; fileEncoding = 4; lastKnownFileType = sourcecode.glsl; path = Vortex.vsh; sourceTree = "<group>"; };
		EACAE51422C8A7DD00022625 /* Vortex.fsh */ = {isa = PBXFileReference; fileEncoding = 4; lastKnownFileType = sourcecode.glsl; path = Vortex.fsh; sourceTree = "<group>"; };
		EACAE51622C8A7DD00022625 /* Gray.vsh */ = {isa = PBXFileReference; fileEncoding = 4; lastKnownFileType = sourcecode.glsl; path = Gray.vsh; sourceTree = "<group>"; };
		EACAE51722C8A7DD00022625 /* Gray.fsh */ = {isa = PBXFileReference; fileEncoding = 4; lastKnownFileType = sourcecode.glsl; path = Gray.fsh; sourceTree = "<group>"; };
		EACAE52022C8A97700022625 /* gaoyuanyuan.jpg */ = {isa = PBXFileReference; lastKnownFileType = image.jpeg; path = gaoyuanyuan.jpg; sourceTree = "<group>"; };
		EACAE52322C8AA1100022625 /* Normal.fsh */ = {isa = PBXFileReference; fileEncoding = 4; lastKnownFileType = sourcecode.glsl; path = Normal.fsh; sourceTree = "<group>"; };
		EACAE52422C8AA1100022625 /* Normal.vsh */ = {isa = PBXFileReference; fileEncoding = 4; lastKnownFileType = sourcecode.glsl; path = Normal.vsh; sourceTree = "<group>"; };
/* End PBXFileReference section */

/* Begin PBXFrameworksBuildPhase section */
		EACAE4CC22C8A77C00022625 /* Frameworks */ = {
			isa = PBXFrameworksBuildPhase;
			buildActionMask = 2147483647;
			files = (
			);
			runOnlyForDeploymentPostprocessing = 0;
		};
		EACAE4E422C8A77F00022625 /* Frameworks */ = {
			isa = PBXFrameworksBuildPhase;
			buildActionMask = 2147483647;
			files = (
			);
			runOnlyForDeploymentPostprocessing = 0;
		};
		EACAE4EF22C8A77F00022625 /* Frameworks */ = {
			isa = PBXFrameworksBuildPhase;
			buildActionMask = 2147483647;
			files = (
			);
			runOnlyForDeploymentPostprocessing = 0;
		};
/* End PBXFrameworksBuildPhase section */

/* Begin PBXGroup section */
		EACAE4C622C8A77C00022625 = {
			isa = PBXGroup;
			children = (
				EACAE4D122C8A77C00022625 /* OpenGLES_VortexMosaic */,
				EACAE4EA22C8A77F00022625 /* OpenGLES_VortexMosaicTests */,
				EACAE4F522C8A77F00022625 /* OpenGLES_VortexMosaicUITests */,
				EACAE4D022C8A77C00022625 /* Products */,
			);
			sourceTree = "<group>";
		};
		EACAE4D022C8A77C00022625 /* Products */ = {
			isa = PBXGroup;
			children = (
				EACAE4CF22C8A77C00022625 /* OpenGLES_VortexMosaic.app */,
				EACAE4E722C8A77F00022625 /* OpenGLES_VortexMosaicTests.xctest */,
				EACAE4F222C8A77F00022625 /* OpenGLES_VortexMosaicUITests.xctest */,
			);
			name = Products;
			sourceTree = "<group>";
		};
		EACAE4D122C8A77C00022625 /* OpenGLES_VortexMosaic */ = {
			isa = PBXGroup;
			children = (
				EACAE50B22C8A7B000022625 /* Filter */,
				EACAE50422C8A7A600022625 /* Tool */,
				EACAE4D222C8A77C00022625 /* AppDelegate.h */,
				EACAE4D322C8A77C00022625 /* AppDelegate.m */,
				EACAE4D522C8A77C00022625 /* ViewController.h */,
				EACAE4D622C8A77C00022625 /* ViewController.m */,
				EACAE52022C8A97700022625 /* gaoyuanyuan.jpg */,
				EACAE4D822C8A77C00022625 /* Main.storyboard */,
				EACAE4DB22C8A77F00022625 /* Assets.xcassets */,
				EACAE4DD22C8A77F00022625 /* LaunchScreen.storyboard */,
				EACAE4E022C8A77F00022625 /* Info.plist */,
				EACAE4E122C8A77F00022625 /* main.m */,
			);
			path = OpenGLES_VortexMosaic;
			sourceTree = "<group>";
		};
		EACAE4EA22C8A77F00022625 /* OpenGLES_VortexMosaicTests */ = {
			isa = PBXGroup;
			children = (
				EACAE4EB22C8A77F00022625 /* OpenGLES_VortexMosaicTests.m */,
				EACAE4ED22C8A77F00022625 /* Info.plist */,
			);
			path = OpenGLES_VortexMosaicTests;
			sourceTree = "<group>";
		};
		EACAE4F522C8A77F00022625 /* OpenGLES_VortexMosaicUITests */ = {
			isa = PBXGroup;
			children = (
				EACAE4F622C8A77F00022625 /* OpenGLES_VortexMosaicUITests.m */,
				EACAE4F822C8A77F00022625 /* Info.plist */,
			);
			path = OpenGLES_VortexMosaicUITests;
			sourceTree = "<group>";
		};
		EACAE50422C8A7A600022625 /* Tool */ = {
			isa = PBXGroup;
			children = (
				EACAE50722C8A7A600022625 /* FilterBarCell.h */,
				EACAE50522C8A7A600022625 /* FilterBarCell.m */,
				EACAE50822C8A7A600022625 /* FilterBar.h */,
				EACAE50622C8A7A600022625 /* FilterBar.m */,
			);
			path = Tool;
			sourceTree = "<group>";
		};
		EACAE50B22C8A7B000022625 /* Filter */ = {
			isa = PBXGroup;
			children = (
				EACAE52222C8AA1100022625 /* Normal */,
				EACAE51522C8A7DD00022625 /* Gray */,
				EACAE50C22C8A7DC00022625 /* HexagonMosaic */,
				EACAE50F22C8A7DD00022625 /* Mosaic */,
				EACAE51222C8A7DD00022625 /* Vortex */,
			);
			path = Filter;
			sourceTree = "<group>";
		};
		EACAE50C22C8A7DC00022625 /* HexagonMosaic */ = {
			isa = PBXGroup;
			children = (
				EACAE50D22C8A7DC00022625 /* HexagonMosaic.fsh */,
				EACAE50E22C8A7DC00022625 /* HexagonMosaic.vsh */,
			);
			path = HexagonMosaic;
			sourceTree = "<group>";
		};
		EACAE50F22C8A7DD00022625 /* Mosaic */ = {
			isa = PBXGroup;
			children = (
				EACAE51022C8A7DD00022625 /* Mosaic.vsh */,
				EACAE51122C8A7DD00022625 /* Mosaic.fsh */,
			);
			path = Mosaic;
			sourceTree = "<group>";
		};
		EACAE51222C8A7DD00022625 /* Vortex */ = {
			isa = PBXGroup;
			children = (
				EACAE51322C8A7DD00022625 /* Vortex.vsh */,
				EACAE51422C8A7DD00022625 /* Vortex.fsh */,
			);
			path = Vortex;
			sourceTree = "<group>";
		};
		EACAE51522C8A7DD00022625 /* Gray */ = {
			isa = PBXGroup;
			children = (
				EACAE51622C8A7DD00022625 /* Gray.vsh */,
				EACAE51722C8A7DD00022625 /* Gray.fsh */,
			);
			path = Gray;
			sourceTree = "<group>";
		};
		EACAE52222C8AA1100022625 /* Normal */ = {
			isa = PBXGroup;
			children = (
				EACAE52322C8AA1100022625 /* Normal.fsh */,
				EACAE52422C8AA1100022625 /* Normal.vsh */,
			);
			path = Normal;
			sourceTree = "<group>";
		};
/* End PBXGroup section */

/* Begin PBXNativeTarget section */
		EACAE4CE22C8A77C00022625 /* OpenGLES_VortexMosaic */ = {
			isa = PBXNativeTarget;
			buildConfigurationList = EACAE4FB22C8A77F00022625 /* Build configuration list for PBXNativeTarget "OpenGLES_VortexMosaic" */;
			buildPhases = (
				EACAE4CB22C8A77C00022625 /* Sources */,
				EACAE4CC22C8A77C00022625 /* Frameworks */,
				EACAE4CD22C8A77C00022625 /* Resources */,
			);
			buildRules = (
			);
			dependencies = (
			);
			name = OpenGLES_VortexMosaic;
			productName = OpenGLES_VortexMosaic;
			productReference = EACAE4CF22C8A77C00022625 /* OpenGLES_VortexMosaic.app */;
			productType = "com.apple.product-type.application";
		};
		EACAE4E622C8A77F00022625 /* OpenGLES_VortexMosaicTests */ = {
			isa = PBXNativeTarget;
			buildConfigurationList = EACAE4FE22C8A77F00022625 /* Build configuration list for PBXNativeTarget "OpenGLES_VortexMosaicTests" */;
			buildPhases = (
				EACAE4E322C8A77F00022625 /* Sources */,
				EACAE4E422C8A77F00022625 /* Frameworks */,
				EACAE4E522C8A77F00022625 /* Resources */,
			);
			buildRules = (
			);
			dependencies = (
				EACAE4E922C8A77F00022625 /* PBXTargetDependency */,
			);
			name = OpenGLES_VortexMosaicTests;
			productName = OpenGLES_VortexMosaicTests;
			productReference = EACAE4E722C8A77F00022625 /* OpenGLES_VortexMosaicTests.xctest */;
			productType = "com.apple.product-type.bundle.unit-test";
		};
		EACAE4F122C8A77F00022625 /* OpenGLES_VortexMosaicUITests */ = {
			isa = PBXNativeTarget;
			buildConfigurationList = EACAE50122C8A77F00022625 /* Build configuration list for PBXNativeTarget "OpenGLES_VortexMosaicUITests" */;
			buildPhases = (
				EACAE4EE22C8A77F00022625 /* Sources */,
				EACAE4EF22C8A77F00022625 /* Frameworks */,
				EACAE4F022C8A77F00022625 /* Resources */,
			);
			buildRules = (
			);
			dependencies = (
				EACAE4F422C8A77F00022625 /* PBXTargetDependency */,
			);
			name = OpenGLES_VortexMosaicUITests;
			productName = OpenGLES_VortexMosaicUITests;
			productReference = EACAE4F222C8A77F00022625 /* OpenGLES_VortexMosaicUITests.xctest */;
			productType = "com.apple.product-type.bundle.ui-testing";
		};
/* End PBXNativeTarget section */

/* Begin PBXProject section */
		EACAE4C722C8A77C00022625 /* Project object */ = {
			isa = PBXProject;
			attributes = {
				LastUpgradeCheck = 1020;
				ORGANIZATIONNAME = ZB_Demo;
				TargetAttributes = {
					EACAE4CE22C8A77C00022625 = {
						CreatedOnToolsVersion = 10.2.1;
					};
					EACAE4E622C8A77F00022625 = {
						CreatedOnToolsVersion = 10.2.1;
						TestTargetID = EACAE4CE22C8A77C00022625;
					};
					EACAE4F122C8A77F00022625 = {
						CreatedOnToolsVersion = 10.2.1;
						TestTargetID = EACAE4CE22C8A77C00022625;
					};
				};
			};
			buildConfigurationList = EACAE4CA22C8A77C00022625 /* Build configuration list for PBXProject "OpenGLES_VortexMosaic" */;
			compatibilityVersion = "Xcode 9.3";
			developmentRegion = en;
			hasScannedForEncodings = 0;
			knownRegions = (
				en,
				Base,
			);
			mainGroup = EACAE4C622C8A77C00022625;
			productRefGroup = EACAE4D022C8A77C00022625 /* Products */;
			projectDirPath = "";
			projectRoot = "";
			targets = (
				EACAE4CE22C8A77C00022625 /* OpenGLES_VortexMosaic */,
				EACAE4E622C8A77F00022625 /* OpenGLES_VortexMosaicTests */,
				EACAE4F122C8A77F00022625 /* OpenGLES_VortexMosaicUITests */,
			);
		};
/* End PBXProject section */

/* Begin PBXResourcesBuildPhase section */
		EACAE4CD22C8A77C00022625 /* Resources */ = {
			isa = PBXResourcesBuildPhase;
			buildActionMask = 2147483647;
			files = (
				EACAE52622C8AA1100022625 /* Normal.vsh in Resources */,
				EACAE51922C8A7DD00022625 /* HexagonMosaic.vsh in Resources */,
				EACAE51C22C8A7DD00022625 /* Vortex.vsh in Resources */,
				EACAE51E22C8A7DD00022625 /* Gray.vsh in Resources */,
				EACAE51B22C8A7DD00022625 /* Mosaic.fsh in Resources */,
				EACAE52522C8AA1100022625 /* Normal.fsh in Resources */,
				EACAE4DF22C8A77F00022625 /* LaunchScreen.storyboard in Resources */,
				EACAE51D22C8A7DD00022625 /* Vortex.fsh in Resources */,
				EACAE4DC22C8A77F00022625 /* Assets.xcassets in Resources */,
				EACAE52122C8A97700022625 /* gaoyuanyuan.jpg in Resources */,
				EACAE51A22C8A7DD00022625 /* Mosaic.vsh in Resources */,
				EACAE51822C8A7DD00022625 /* HexagonMosaic.fsh in Resources */,
				EACAE51F22C8A7DD00022625 /* Gray.fsh in Resources */,
				EACAE4DA22C8A77C00022625 /* Main.storyboard in Resources */,
			);
			runOnlyForDeploymentPostprocessing = 0;
		};
		EACAE4E522C8A77F00022625 /* Resources */ = {
			isa = PBXResourcesBuildPhase;
			buildActionMask = 2147483647;
			files = (
			);
			runOnlyForDeploymentPostprocessing = 0;
		};
		EACAE4F022C8A77F00022625 /* Resources */ = {
			isa = PBXResourcesBuildPhase;
			buildActionMask = 2147483647;
			files = (
			);
			runOnlyForDeploymentPostprocessing = 0;
		};
/* End PBXResourcesBuildPhase section */

/* Begin PBXSourcesBuildPhase section */
		EACAE4CB22C8A77C00022625 /* Sources */ = {
			isa = PBXSourcesBuildPhase;
			buildActionMask = 2147483647;
			files = (
				EACAE4D722C8A77C00022625 /* ViewController.m in Sources */,
				EACAE50922C8A7A600022625 /* FilterBarCell.m in Sources */,
				EACAE4E222C8A77F00022625 /* main.m in Sources */,
				EACAE50A22C8A7A600022625 /* FilterBar.m in Sources */,
				EACAE4D422C8A77C00022625 /* AppDelegate.m in Sources */,
			);
			runOnlyForDeploymentPostprocessing = 0;
		};
		EACAE4E322C8A77F00022625 /* Sources */ = {
			isa = PBXSourcesBuildPhase;
			buildActionMask = 2147483647;
			files = (
				EACAE4EC22C8A77F00022625 /* OpenGLES_VortexMosaicTests.m in Sources */,
			);
			runOnlyForDeploymentPostprocessing = 0;
		};
		EACAE4EE22C8A77F00022625 /* Sources */ = {
			isa = PBXSourcesBuildPhase;
			buildActionMask = 2147483647;
			files = (
				EACAE4F722C8A77F00022625 /* OpenGLES_VortexMosaicUITests.m in Sources */,
			);
			runOnlyForDeploymentPostprocessing = 0;
		};
/* End PBXSourcesBuildPhase section */

/* Begin PBXTargetDependency section */
		EACAE4E922C8A77F00022625 /* PBXTargetDependency */ = {
			isa = PBXTargetDependency;
			target = EACAE4CE22C8A77C00022625 /* OpenGLES_VortexMosaic */;
			targetProxy = EACAE4E822C8A77F00022625 /* PBXContainerItemProxy */;
		};
		EACAE4F422C8A77F00022625 /* PBXTargetDependency */ = {
			isa = PBXTargetDependency;
			target = EACAE4CE22C8A77C00022625 /* OpenGLES_VortexMosaic */;
			targetProxy = EACAE4F322C8A77F00022625 /* PBXContainerItemProxy */;
		};
/* End PBXTargetDependency section */

/* Begin PBXVariantGroup section */
		EACAE4D822C8A77C00022625 /* Main.storyboard */ = {
			isa = PBXVariantGroup;
			children = (
				EACAE4D922C8A77C00022625 /* Base */,
			);
			name = Main.storyboard;
			sourceTree = "<group>";
		};
		EACAE4DD22C8A77F00022625 /* LaunchScreen.storyboard */ = {
			isa = PBXVariantGroup;
			children = (
				EACAE4DE22C8A77F00022625 /* Base */,
			);
			name = LaunchScreen.storyboard;
			sourceTree = "<group>";
		};
/* End PBXVariantGroup section */

/* Begin XCBuildConfiguration section */
		EACAE4F922C8A77F00022625 /* Debug */ = {
			isa = XCBuildConfiguration;
			buildSettings = {
				ALWAYS_SEARCH_USER_PATHS = NO;
				CLANG_ANALYZER_NONNULL = YES;
				CLANG_ANALYZER_NUMBER_OBJECT_CONVERSION = YES_AGGRESSIVE;
				CLANG_CXX_LANGUAGE_STANDARD = "gnu++14";
				CLANG_CXX_LIBRARY = "libc++";
				CLANG_ENABLE_MODULES = YES;
				CLANG_ENABLE_OBJC_ARC = YES;
				CLANG_ENABLE_OBJC_WEAK = YES;
				CLANG_WARN_BLOCK_CAPTURE_AUTORELEASING = YES;
				CLANG_WARN_BOOL_CONVERSION = YES;
				CLANG_WARN_COMMA = YES;
				CLANG_WARN_CONSTANT_CONVERSION = YES;
				CLANG_WARN_DEPRECATED_OBJC_IMPLEMENTATIONS = YES;
				CLANG_WARN_DIRECT_OBJC_ISA_USAGE = YES_ERROR;
				CLANG_WARN_DOCUMENTATION_COMMENTS = YES;
				CLANG_WARN_EMPTY_BODY = YES;
				CLANG_WARN_ENUM_CONVERSION = YES;
				CLANG_WARN_INFINITE_RECURSION = YES;
				CLANG_WARN_INT_CONVERSION = YES;
				CLANG_WARN_NON_LITERAL_NULL_CONVERSION = YES;
				CLANG_WARN_OBJC_IMPLICIT_RETAIN_SELF = YES;
				CLANG_WARN_OBJC_LITERAL_CONVERSION = YES;
				CLANG_WARN_OBJC_ROOT_CLASS = YES_ERROR;
				CLANG_WARN_RANGE_LOOP_ANALYSIS = YES;
				CLANG_WARN_STRICT_PROTOTYPES = YES;
				CLANG_WARN_SUSPICIOUS_MOVE = YES;
				CLANG_WARN_UNGUARDED_AVAILABILITY = YES_AGGRESSIVE;
				CLANG_WARN_UNREACHABLE_CODE = YES;
				CLANG_WARN__DUPLICATE_METHOD_MATCH = YES;
				CODE_SIGN_IDENTITY = "iPhone Developer";
				COPY_PHASE_STRIP = NO;
				DEBUG_INFORMATION_FORMAT = dwarf;
				ENABLE_STRICT_OBJC_MSGSEND = YES;
				ENABLE_TESTABILITY = YES;
				GCC_C_LANGUAGE_STANDARD = gnu11;
				GCC_DYNAMIC_NO_PIC = NO;
				GCC_NO_COMMON_BLOCKS = YES;
				GCC_OPTIMIZATION_LEVEL = 0;
				GCC_PREPROCESSOR_DEFINITIONS = (
					"DEBUG=1",
					"$(inherited)",
				);
				GCC_WARN_64_TO_32_BIT_CONVERSION = YES;
				GCC_WARN_ABOUT_RETURN_TYPE = YES_ERROR;
				GCC_WARN_UNDECLARED_SELECTOR = YES;
				GCC_WARN_UNINITIALIZED_AUTOS = YES_AGGRESSIVE;
				GCC_WARN_UNUSED_FUNCTION = YES;
				GCC_WARN_UNUSED_VARIABLE = YES;
				IPHONEOS_DEPLOYMENT_TARGET = 12.2;
				MTL_ENABLE_DEBUG_INFO = INCLUDE_SOURCE;
				MTL_FAST_MATH = YES;
				ONLY_ACTIVE_ARCH = YES;
				SDKROOT = iphoneos;
			};
			name = Debug;
		};
		EACAE4FA22C8A77F00022625 /* Release */ = {
			isa = XCBuildConfiguration;
			buildSettings = {
				ALWAYS_SEARCH_USER_PATHS = NO;
				CLANG_ANALYZER_NONNULL = YES;
				CLANG_ANALYZER_NUMBER_OBJECT_CONVERSION = YES_AGGRESSIVE;
				CLANG_CXX_LANGUAGE_STANDARD = "gnu++14";
				CLANG_CXX_LIBRARY = "libc++";
				CLANG_ENABLE_MODULES = YES;
				CLANG_ENABLE_OBJC_ARC = YES;
				CLANG_ENABLE_OBJC_WEAK = YES;
				CLANG_WARN_BLOCK_CAPTURE_AUTORELEASING = YES;
				CLANG_WARN_BOOL_CONVERSION = YES;
				CLANG_WARN_COMMA = YES;
				CLANG_WARN_CONSTANT_CONVERSION = YES;
				CLANG_WARN_DEPRECATED_OBJC_IMPLEMENTATIONS = YES;
				CLANG_WARN_DIRECT_OBJC_ISA_USAGE = YES_ERROR;
				CLANG_WARN_DOCUMENTATION_COMMENTS = YES;
				CLANG_WARN_EMPTY_BODY = YES;
				CLANG_WARN_ENUM_CONVERSION = YES;
				CLANG_WARN_INFINITE_RECURSION = YES;
				CLANG_WARN_INT_CONVERSION = YES;
				CLANG_WARN_NON_LITERAL_NULL_CONVERSION = YES;
				CLANG_WARN_OBJC_IMPLICIT_RETAIN_SELF = YES;
				CLANG_WARN_OBJC_LITERAL_CONVERSION = YES;
				CLANG_WARN_OBJC_ROOT_CLASS = YES_ERROR;
				CLANG_WARN_RANGE_LOOP_ANALYSIS = YES;
				CLANG_WARN_STRICT_PROTOTYPES = YES;
				CLANG_WARN_SUSPICIOUS_MOVE = YES;
				CLANG_WARN_UNGUARDED_AVAILABILITY = YES_AGGRESSIVE;
				CLANG_WARN_UNREACHABLE_CODE = YES;
				CLANG_WARN__DUPLICATE_METHOD_MATCH = YES;
				CODE_SIGN_IDENTITY = "iPhone Developer";
				COPY_PHASE_STRIP = NO;
				DEBUG_INFORMATION_FORMAT = "dwarf-with-dsym";
				ENABLE_NS_ASSERTIONS = NO;
				ENABLE_STRICT_OBJC_MSGSEND = YES;
				GCC_C_LANGUAGE_STANDARD = gnu11;
				GCC_NO_COMMON_BLOCKS = YES;
				GCC_WARN_64_TO_32_BIT_CONVERSION = YES;
				GCC_WARN_ABOUT_RETURN_TYPE = YES_ERROR;
				GCC_WARN_UNDECLARED_SELECTOR = YES;
				GCC_WARN_UNINITIALIZED_AUTOS = YES_AGGRESSIVE;
				GCC_WARN_UNUSED_FUNCTION = YES;
				GCC_WARN_UNUSED_VARIABLE = YES;
				IPHONEOS_DEPLOYMENT_TARGET = 12.2;
				MTL_ENABLE_DEBUG_INFO = NO;
				MTL_FAST_MATH = YES;
				SDKROOT = iphoneos;
				VALIDATE_PRODUCT = YES;
			};
			name = Release;
		};
		EACAE4FC22C8A77F00022625 /* Debug */ = {
			isa = XCBuildConfiguration;
			buildSettings = {
				ASSETCATALOG_COMPILER_APPICON_NAME = AppIcon;
				CODE_SIGN_STYLE = Automatic;
				INFOPLIST_FILE = OpenGLES_VortexMosaic/Info.plist;
				IPHONEOS_DEPLOYMENT_TARGET = 9.0;
				LD_RUNPATH_SEARCH_PATHS = (
					"$(inherited)",
					"@executable_path/Frameworks",
				);
				PRODUCT_BUNDLE_IDENTIFIER = "ZB.OpenGLES-VortexMosaic";
				PRODUCT_NAME = "$(TARGET_NAME)";
				TARGETED_DEVICE_FAMILY = "1,2";
			};
			name = Debug;
		};
		EACAE4FD22C8A77F00022625 /* Release */ = {
			isa = XCBuildConfiguration;
			buildSettings = {
				ASSETCATALOG_COMPILER_APPICON_NAME = AppIcon;
				CODE_SIGN_STYLE = Automatic;
				INFOPLIST_FILE = OpenGLES_VortexMosaic/Info.plist;
				IPHONEOS_DEPLOYMENT_TARGET = 9.0;
				LD_RUNPATH_SEARCH_PATHS = (
					"$(inherited)",
					"@executable_path/Frameworks",
				);
				PRODUCT_BUNDLE_IDENTIFIER = "ZB.OpenGLES-VortexMosaic";
				PRODUCT_NAME = "$(TARGET_NAME)";
				TARGETED_DEVICE_FAMILY = "1,2";
			};
			name = Release;
		};
		EACAE4FF22C8A77F00022625 /* Debug */ = {
			isa = XCBuildConfiguration;
			buildSettings = {
				BUNDLE_LOADER = "$(TEST_HOST)";
				CODE_SIGN_STYLE = Automatic;
				INFOPLIST_FILE = OpenGLES_VortexMosaicTests/Info.plist;
				LD_RUNPATH_SEARCH_PATHS = (
					"$(inherited)",
					"@executable_path/Frameworks",
					"@loader_path/Frameworks",
				);
				PRODUCT_BUNDLE_IDENTIFIER = "ZB.OpenGLES-VortexMosaicTests";
				PRODUCT_NAME = "$(TARGET_NAME)";
				TARGETED_DEVICE_FAMILY = "1,2";
				TEST_HOST = "$(BUILT_PRODUCTS_DIR)/OpenGLES_VortexMosaic.app/OpenGLES_VortexMosaic";
			};
			name = Debug;
		};
		EACAE50022C8A77F00022625 /* Release */ = {
			isa = XCBuildConfiguration;
			buildSettings = {
				BUNDLE_LOADER = "$(TEST_HOST)";
				CODE_SIGN_STYLE = Automatic;
				INFOPLIST_FILE = OpenGLES_VortexMosaicTests/Info.plist;
				LD_RUNPATH_SEARCH_PATHS = (
					"$(inherited)",
					"@executable_path/Frameworks",
					"@loader_path/Frameworks",
				);
				PRODUCT_BUNDLE_IDENTIFIER = "ZB.OpenGLES-VortexMosaicTests";
				PRODUCT_NAME = "$(TARGET_NAME)";
				TARGETED_DEVICE_FAMILY = "1,2";
				TEST_HOST = "$(BUILT_PRODUCTS_DIR)/OpenGLES_VortexMosaic.app/OpenGLES_VortexMosaic";
			};
			name = Release;
		};
		EACAE50222C8A77F00022625 /* Debug */ = {
			isa = XCBuildConfiguration;
			buildSettings = {
				CODE_SIGN_STYLE = Automatic;
				INFOPLIST_FILE = OpenGLES_VortexMosaicUITests/Info.plist;
				LD_RUNPATH_SEARCH_PATHS = (
					"$(inherited)",
					"@executable_path/Frameworks",
					"@loader_path/Frameworks",
				);
				PRODUCT_BUNDLE_IDENTIFIER = "ZB.OpenGLES-VortexMosaicUITests";
				PRODUCT_NAME = "$(TARGET_NAME)";
				TARGETED_DEVICE_FAMILY = "1,2";
				TEST_TARGET_NAME = OpenGLES_VortexMosaic;
			};
			name = Debug;
		};
		EACAE50322C8A77F00022625 /* Release */ = {
			isa = XCBuildConfiguration;
			buildSettings = {
				CODE_SIGN_STYLE = Automatic;
				INFOPLIST_FILE = OpenGLES_VortexMosaicUITests/Info.plist;
				LD_RUNPATH_SEARCH_PATHS = (
					"$(inherited)",
					"@executable_path/Frameworks",
					"@loader_path/Frameworks",
				);
				PRODUCT_BUNDLE_IDENTIFIER = "ZB.OpenGLES-VortexMosaicUITests";
				PRODUCT_NAME = "$(TARGET_NAME)";
				TARGETED_DEVICE_FAMILY = "1,2";
				TEST_TARGET_NAME = OpenGLES_VortexMosaic;
			};
			name = Release;
		};
/* End XCBuildConfiguration section */

/* Begin XCConfigurationList section */
		EACAE4CA22C8A77C00022625 /* Build configuration list for PBXProject "OpenGLES_VortexMosaic" */ = {
			isa = XCConfigurationList;
			buildConfigurations = (
				EACAE4F922C8A77F00022625 /* Debug */,
				EACAE4FA22C8A77F00022625 /* Release */,
			);
			defaultConfigurationIsVisible = 0;
			defaultConfigurationName = Release;
		};
		EACAE4FB22C8A77F00022625 /* Build configuration list for PBXNativeTarget "OpenGLES_VortexMosaic" */ = {
			isa = XCConfigurationList;
			buildConfigurations = (
				EACAE4FC22C8A77F00022625 /* Debug */,
				EACAE4FD22C8A77F00022625 /* Release */,
			);
			defaultConfigurationIsVisible = 0;
			defaultConfigurationName = Release;
		};
		EACAE4FE22C8A77F00022625 /* Build configuration list for PBXNativeTarget "OpenGLES_VortexMosaicTests" */ = {
			isa = XCConfigurationList;
			buildConfigurations = (
				EACAE4FF22C8A77F00022625 /* Debug */,
				EACAE50022C8A77F00022625 /* Release */,
			);
			defaultConfigurationIsVisible = 0;
			defaultConfigurationName = Release;
		};
		EACAE50122C8A77F00022625 /* Build configuration list for PBXNativeTarget "OpenGLES_VortexMosaicUITests" */ = {
			isa = XCConfigurationList;
			buildConfigurations = (
				EACAE50222C8A77F00022625 /* Debug */,
				EACAE50322C8A77F00022625 /* Release */,
			);
			defaultConfigurationIsVisible = 0;
			defaultConfigurationName = Release;
		};
/* End XCConfigurationList section */
	};
	rootObject = EACAE4C722C8A77C00022625 /* Project object */;
}
